# This file is automatically @generated by Poetry 2.1.1 and should not be changed by hand.

[[package]]
name = "asgiref"
version = "3.8.1"
description = "ASGI specs, helper code, and adapters"
optional = false
python-versions = ">=3.8"
groups = ["main"]
files = [
    {file = "asgiref-3.8.1-py3-none-any.whl", hash = "sha256:3e1e3ecc849832fe52ccf2cb6686b7a55f82bb1d6aee72a58826471390335e47"},
    {file = "asgiref-3.8.1.tar.gz", hash = "sha256:c343bd80a0bec947a9860adb4c432ffa7db769836c64238fc34bdc3fec84d590"},
]

[package.extras]
tests = ["mypy (>=0.800)", "pytest", "pytest-asyncio"]

[[package]]
name = "django"
version = "5.1.7"
description = "A high-level Python web framework that encourages rapid development and clean, pragmatic design."
optional = false
python-versions = ">=3.10"
groups = ["main"]
files = [
    {file = "Django-5.1.7-py3-none-any.whl", hash = "sha256:1323617cb624add820cb9611cdcc788312d250824f92ca6048fda8625514af2b"},
    {file = "Django-5.1.7.tar.gz", hash = "sha256:30de4ee43a98e5d3da36a9002f287ff400b43ca51791920bfb35f6917bfe041c"},
]

[package.dependencies]
asgiref = ">=3.8.1,<4"
sqlparse = ">=0.3.1"
tzdata = {version = "*", markers = "sys_platform == \"win32\""}

[package.extras]
argon2 = ["argon2-cffi (>=19.1.0)"]
bcrypt = ["bcrypt"]

[[package]]
name = "django-extensions"
version = "3.2.3"
description = "Extensions for Django"
optional = false
python-versions = ">=3.6"
groups = ["main"]
files = [
    {file = "django-extensions-3.2.3.tar.gz", hash = "sha256:44d27919d04e23b3f40231c4ab7af4e61ce832ef46d610cc650d53e68328410a"},
    {file = "django_extensions-3.2.3-py3-none-any.whl", hash = "sha256:9600b7562f79a92cbf1fde6403c04fee314608fefbb595502e34383ae8203401"},
]

[package.dependencies]
Django = ">=3.2"

[[package]]
name = "pillow"
version = "11.2.0"
description = "Python Imaging Library (Fork)"
optional = false
python-versions = ">=3.9"
groups = ["main"]
files = [
    {file = "pillow-11.2.0-cp310-cp310-macosx_10_10_x86_64.whl", hash = "sha256:38afd040bafe3c2893de4e011557c309a878e8fde07e3303bf3cb0f9832d237c"},
    {file = "pillow-11.2.0-cp310-cp310-macosx_11_0_arm64.whl", hash = "sha256:ed1f80258bc01a0bc5c5f2eda7e4cbd9bc25060dc69be2f00fe1435ba48f4ff4"},
    {file = "pillow-11.2.0-cp310-cp310-manylinux_2_17_aarch64.manylinux2014_aarch64.whl", hash = "sha256:52ecd8f581cd5aa0fcc29291acc99b38dbaf898272e86e3146ec3996ed370a46"},
    {file = "pillow-11.2.0-cp310-cp310-manylinux_2_17_x86_64.manylinux2014_x86_64.whl", hash = "sha256:10502f9425768a4f9c1c8471a7a3f942da659c727369bab1241b7ae1ff16f93f"},
    {file = "pillow-11.2.0-cp310-cp310-manylinux_2_28_aarch64.whl", hash = "sha256:d8a9dc58117878e94303dbc32a4c9fe470f6b77f349954d4ae003870c9ac7a83"},
    {file = "pillow-11.2.0-cp310-cp310-manylinux_2_28_x86_64.whl", hash = "sha256:71733ea2d70a5fc498b7675cb37e7dcfb2b1889d8a08128ec2a62b6843f0660a"},
    {file = "pillow-11.2.0-cp310-cp310-musllinux_1_2_aarch64.whl", hash = "sha256:4846c8efa94eda17832f09c4e8691c9aaeb7eef758c8b622af44e60887fcaf12"},
    {file = "pillow-11.2.0-cp310-cp310-musllinux_1_2_x86_64.whl", hash = "sha256:54206449613db62c82585bb26ac70f3a1a97654d70ad796b4e05624ef1b08f4e"},
    {file = "pillow-11.2.0-cp310-cp310-win32.whl", hash = "sha256:b92d9059719ec9a718ac9e04039764b10551f2c929db6cd6015e90f9c62f8b34"},
    {file = "pillow-11.2.0-cp310-cp310-win_amd64.whl", hash = "sha256:98cd082d9a523cb0f2f8775ec122e67a5cfd9afc6549d91aafe0c2d75535d008"},
    {file = "pillow-11.2.0-cp310-cp310-win_arm64.whl", hash = "sha256:5c3a8f916c494c0a3dc37daf5a0e7d98480a6f839ad0fa472e9858b667b48268"},
    {file = "pillow-11.2.0-cp311-cp311-macosx_10_10_x86_64.whl", hash = "sha256:cb17dc417e951a3af0c5a9ed2641b8b37e7b0e78fe685b91b927de474cddad58"},
    {file = "pillow-11.2.0-cp311-cp311-macosx_11_0_arm64.whl", hash = "sha256:f0125a9e668df3e83ff2cfa5800dfe5646591449abae40abf75a1d8b325ddd33"},
    {file = "pillow-11.2.0-cp311-cp311-manylinux_2_17_aarch64.manylinux2014_aarch64.whl", hash = "sha256:4d28e47fe5a5e5692ea5d239e8bb6c610cf2dad550fc34c5a32d49b1ffd1c891"},
    {file = "pillow-11.2.0-cp311-cp311-manylinux_2_17_x86_64.manylinux2014_x86_64.whl", hash = "sha256:9ec3481f45d9616bb18b5f3b145744dfcdfabea6a23efe233b8a9026852369d1"},
    {file = "pillow-11.2.0-cp311-cp311-manylinux_2_28_aarch64.whl", hash = "sha256:c026e417ebede0e84d9358cc1d9f702356e61a787be882016fbca4fb1248c0d1"},
    {file = "pillow-11.2.0-cp311-cp311-manylinux_2_28_x86_64.whl", hash = "sha256:92baf77b80de05ede82b14d92bf89a7f0067501b9476df0a162004f3bb015b50"},
    {file = "pillow-11.2.0-cp311-cp311-musllinux_1_2_aarch64.whl", hash = "sha256:ff44a55a650c0337d3db764cec4f85d1324369e5cf10f6daa96c9513182730a9"},
    {file = "pillow-11.2.0-cp311-cp311-musllinux_1_2_x86_64.whl", hash = "sha256:87c715dd5dc439bde27cf745d59b66af39b2df4355bc57ddd2e51f87f768fb06"},
    {file = "pillow-11.2.0-cp311-cp311-win32.whl", hash = "sha256:b4204996f6a813f5ca8e7d6365e104ec7391315d014780a909eadc19e613fcf9"},
    {file = "pillow-11.2.0-cp311-cp311-win_amd64.whl", hash = "sha256:4d1c229f800addb9158c26661c6ade9cb038ff7bb98e3c0149e8fd3a7b6e6e08"},
    {file = "pillow-11.2.0-cp311-cp311-win_arm64.whl", hash = "sha256:77cea582243e7286ac23ef6315eeb1434f5ccfc710afa16a8999194aa9d1e88a"},
    {file = "pillow-11.2.0-cp312-cp312-macosx_10_13_x86_64.whl", hash = "sha256:ffcfac194064f4a5bc389b9ef910a60b9bc8573a7e59f081fbc71a59794140f2"},
    {file = "pillow-11.2.0-cp312-cp312-macosx_11_0_arm64.whl", hash = "sha256:40f972b6e2a97c633fa25c3c8405d45942747eaf838805d76f7da0363a7696ec"},
    {file = "pillow-11.2.0-cp312-cp312-manylinux_2_17_aarch64.manylinux2014_aarch64.whl", hash = "sha256:8b46bd331193a7b223864010e751a30ec48245e5106e00eda94b435e37109de1"},
    {file = "pillow-11.2.0-cp312-cp312-manylinux_2_17_x86_64.manylinux2014_x86_64.whl", hash = "sha256:6581ee02eec144cbcdeb6bef055142129cfda0f52939480d81806ee8d61ab4f3"},
    {file = "pillow-11.2.0-cp312-cp312-manylinux_2_28_aarch64.whl", hash = "sha256:c2a6700be18335d341ddd12facbc49dcf0febbfeefdda4990e017698a8e66f59"},
    {file = "pillow-11.2.0-cp312-cp312-manylinux_2_28_x86_64.whl", hash = "sha256:b228ae10b25650539d37c056063c8f34c0da4f69419ce03249dfd0adc322d46b"},
    {file = "pillow-11.2.0-cp312-cp312-musllinux_1_2_aarch64.whl", hash = "sha256:36de59d15a95584fad3758c4bcb992c3bf279ddd86236d3f096dbf696efc2b48"},
    {file = "pillow-11.2.0-cp312-cp312-musllinux_1_2_x86_64.whl", hash = "sha256:23fedf0def4193848ce5be2f685e3606c1ebf42a033cfa092b729e6cf844d337"},
    {file = "pillow-11.2.0-cp312-cp312-win32.whl", hash = "sha256:290fd44a0b517a48af7660b7586538f9db1fe0656d7d6c97b0aefd2a4ad2b14d"},
    {file = "pillow-11.2.0-cp312-cp312-win_amd64.whl", hash = "sha256:728f2381d178722d008772e57b3252b8c6c0c284cee76e798ffb392ca71e3fd9"},
    {file = "pillow-11.2.0-cp312-cp312-win_arm64.whl", hash = "sha256:65dfab8348a42ba9883141e4fa09a7db6ff2a203d17450717b998fb27f4ba0b4"},
    {file = "pillow-11.2.0-cp313-cp313-macosx_10_13_x86_64.whl", hash = "sha256:0b46b5ee8443213da50b08caa1b2f7c407233873f6153c6fcf558fab57ac658b"},
    {file = "pillow-11.2.0-cp313-cp313-macosx_11_0_arm64.whl", hash = "sha256:70daf0b69bc9017796cb74a38a597a34e311e4e3e5254d7e4aa42aab3d1d3eac"},
    {file = "pillow-11.2.0-cp313-cp313-manylinux_2_17_aarch64.manylinux2014_aarch64.whl", hash = "sha256:00f8830ac57dc38bfacfb8bb1b7987da7ccbf99131dae0e826bfbaa2c8dfc990"},
    {file = "pillow-11.2.0-cp313-cp313-manylinux_2_17_x86_64.manylinux2014_x86_64.whl", hash = "sha256:597b629e4d135ebb904f58d0b3328c58dba3ac7bd1f9585e0dddcb250d3f955c"},
    {file = "pillow-11.2.0-cp313-cp313-manylinux_2_28_aarch64.whl", hash = "sha256:106fce029c62ddfed767e4f8cc3396e90ba45320d87df58bf83a73fdbe73f09b"},
    {file = "pillow-11.2.0-cp313-cp313-manylinux_2_28_x86_64.whl", hash = "sha256:676461578f605c8e56ea108c371632e4bf40697996d80b5899c592043432e5f1"},
    {file = "pillow-11.2.0-cp313-cp313-musllinux_1_2_aarch64.whl", hash = "sha256:0f19332b8de08305db8e003272ba86f5a65231b848a44ceef2e9593101637208"},
    {file = "pillow-11.2.0-cp313-cp313-musllinux_1_2_x86_64.whl", hash = "sha256:fe61cadf4f0449de64fb6911bca381f1a4c1f04cce3027a0d12ebaba626f97cd"},
    {file = "pillow-11.2.0-cp313-cp313-win32.whl", hash = "sha256:25e533264bec3ca5dc6e1587810dce1c2dda0b9d63ed4e27fa72092cb351cd55"},
    {file = "pillow-11.2.0-cp313-cp313-win_amd64.whl", hash = "sha256:9565b70771a38b096b0f78d830be5338ca9a0b810ea6cbfab54c64f0266f9c72"},
    {file = "pillow-11.2.0-cp313-cp313-win_arm64.whl", hash = "sha256:6fa29d8fcaf8a830ced88f390baffe32ae1ba41873a3f6c8946213d067db7ae0"},
    {file = "pillow-11.2.0-cp313-cp313t-macosx_10_13_x86_64.whl", hash = "sha256:07cd635650ddd10be04148e7f2e895afa240d0ea5e810cd10f650adba13f5f93"},
    {file = "pillow-11.2.0-cp313-cp313t-macosx_11_0_arm64.whl", hash = "sha256:b653372f6b3a7df74cd52abc8c400670ab08dd4473317508ed45668e87df0284"},
    {file = "pillow-11.2.0-cp313-cp313t-manylinux_2_17_aarch64.manylinux2014_aarch64.whl", hash = "sha256:63e0395313bc32de78309e24a298dc4986f8a93fc917032412f510a272ee9f25"},
    {file = "pillow-11.2.0-cp313-cp313t-manylinux_2_17_x86_64.manylinux2014_x86_64.whl", hash = "sha256:47dcb3289613e256c2419242f6d92b1c9ce28368bd337f6a0cf50cddfb8cc69a"},
    {file = "pillow-11.2.0-cp313-cp313t-manylinux_2_28_aarch64.whl", hash = "sha256:a32b243b37c060884bd04f6bb709a22d86ec05662374076e6a35c07ac0361477"},
    {file = "pillow-11.2.0-cp313-cp313t-manylinux_2_28_x86_64.whl", hash = "sha256:4122bb11e4d238ed28ecff24863c620aac22732bc102ab9550e99f6fd6eaf869"},
    {file = "pillow-11.2.0-cp313-cp313t-musllinux_1_2_aarch64.whl", hash = "sha256:be7a73fb992a9cb8e4362220037ea10d3eb52d0804220ca98de4f7d24c1f36c9"},
    {file = "pillow-11.2.0-cp313-cp313t-musllinux_1_2_x86_64.whl", hash = "sha256:0d3408815fc6ab70283916e0b058e7a4bbacdd7b5bb71ef81a9a507df4580b9a"},
    {file = "pillow-11.2.0-cp313-cp313t-win32.whl", hash = "sha256:491e11b37e322fc6e80b485f99203e6c4ed69ea170eb6d25e9cb9eb0b92db7e5"},
    {file = "pillow-11.2.0-cp313-cp313t-win_amd64.whl", hash = "sha256:4202372ccb549a3f12de2cebbafa82b0a3d8e2cb5569fa4b698e7da6b6521687"},
    {file = "pillow-11.2.0-cp313-cp313t-win_arm64.whl", hash = "sha256:a9cd300d223efadd1e540521bae1fcdab406ef6c5f2ca6e46370f5671b607f26"},
    {file = "pillow-11.2.0-cp39-cp39-macosx_10_10_x86_64.whl", hash = "sha256:20d8f9626c3d48baf14e01aca763e5457508cf4245ef0232ba601a4bfa3d26ce"},
    {file = "pillow-11.2.0-cp39-cp39-macosx_11_0_arm64.whl", hash = "sha256:57bc12a7d9175ec13c6e1e2a41532e6ae0f5218988259d1f83dd5f7097369ef8"},
    {file = "pillow-11.2.0-cp39-cp39-manylinux_2_17_aarch64.manylinux2014_aarch64.whl", hash = "sha256:582c458d766c479ebf5679d582fef698a42b803fa07190e04267280db4f14725"},
    {file = "pillow-11.2.0-cp39-cp39-manylinux_2_17_x86_64.manylinux2014_x86_64.whl", hash = "sha256:284bcf4d37699a3ca6af2f42ba5e90589802f9c9e0c09e4a1a05732e634e94f1"},
    {file = "pillow-11.2.0-cp39-cp39-manylinux_2_28_aarch64.whl", hash = "sha256:3a03f96498762c9a6e80282ce43386847e61540011510bf790c48488d834205d"},
    {file = "pillow-11.2.0-cp39-cp39-manylinux_2_28_x86_64.whl", hash = "sha256:f50edae2624495d3b075e40f65d86bcbf374fa822dfc05f1d9dc995507c410ed"},
    {file = "pillow-11.2.0-cp39-cp39-musllinux_1_2_aarch64.whl", hash = "sha256:c25567ad74526f362b55940d786e70568a05759a7d3b7de1f12aeec6920bc1ae"},
    {file = "pillow-11.2.0-cp39-cp39-musllinux_1_2_x86_64.whl", hash = "sha256:c8a74615674cca471e825392d833e666a945b2bbedfd93299d800f60ae6c495c"},
    {file = "pillow-11.2.0-cp39-cp39-win32.whl", hash = "sha256:d31997b8ddae9db2d93d9fe195b3bae67746419b22cb65dddcfd5d649aa7f26d"},
    {file = "pillow-11.2.0-cp39-cp39-win_amd64.whl", hash = "sha256:f56cd367fb7b5b2779c2b8e5ab2b228ce526b122c21126f4649f9ecd3796efc4"},
    {file = "pillow-11.2.0-cp39-cp39-win_arm64.whl", hash = "sha256:f67f2191773d7a54f8bad94ba781cba88aedf52fed0ff6f6050065f824d201a4"},
    {file = "pillow-11.2.0-pp310-pypy310_pp73-macosx_10_15_x86_64.whl", hash = "sha256:789c65fa7d2a17dc585bb4cc0f08392de5960f7e1a69c6171a82c9f7c5c98b3c"},
    {file = "pillow-11.2.0-pp310-pypy310_pp73-macosx_11_0_arm64.whl", hash = "sha256:7d516f854dadc0f449f0db7b93009d3169ae126511ee754c954b4a43c432bd9d"},
    {file = "pillow-11.2.0-pp310-pypy310_pp73-manylinux_2_17_aarch64.manylinux2014_aarch64.whl", hash = "sha256:cade37bde4fbe239b177e809a2599c2772f7e54e3c7a355431de6a25023a50d3"},
    {file = "pillow-11.2.0-pp310-pypy310_pp73-manylinux_2_17_x86_64.manylinux2014_x86_64.whl", hash = "sha256:afa1718a5ca25d52c766dfaae795d0286363b7adb005965aadfd9eea804fd0b3"},
]

[package.extras]
docs = ["furo", "olefile", "sphinx (>=8.2)", "sphinx-copybutton", "sphinx-inline-tabs", "sphinxext-opengraph"]
fpx = ["olefile"]
mic = ["olefile"]
test-arrow = ["pyarrow"]
tests = ["check-manifest", "coverage (>=7.4.2)", "defusedxml", "markdown2", "olefile", "packaging", "pyroma", "pytest", "pytest-cov", "pytest-timeout", "trove-classifiers (>=2024.10.12)"]
typing = ["typing-extensions ; python_version < \"3.10\""]
xmp = ["defusedxml"]

[[package]]
name = "sqlparse"
version = "0.5.3"
description = "A non-validating SQL parser."
optional = false
python-versions = ">=3.8"
groups = ["main"]
files = [
    {file = "sqlparse-0.5.3-py3-none-any.whl", hash = "sha256:cf2196ed3418f3ba5de6af7e82c694a9fbdbfecccdfc72e281548517081f16ca"},
    {file = "sqlparse-0.5.3.tar.gz", hash = "sha256:09f67787f56a0b16ecdbde1bfc7f5d9c3371ca683cfeaa8e6ff60b4807ec9272"},
]

[package.extras]
dev = ["build", "hatch"]
doc = ["sphinx"]

[[package]]
name = "tzdata"
version = "2025.2"
description = "Provider of IANA time zone data"
optional = false
python-versions = ">=2"
groups = ["main"]
markers = "sys_platform == \"win32\""
files = [
    {file = "tzdata-2025.2-py2.py3-none-any.whl", hash = "sha256:1a403fada01ff9221ca8044d701868fa132215d84beb92242d9acd2147f667a8"},
    {file = "tzdata-2025.2.tar.gz", hash = "sha256:b60a638fcc0daffadf82fe0f57e53d06bdec2f36c4df66280ae79bce6bd6f2b9"},
]

[metadata]
lock-version = "2.1"
python-versions = ">=3.12"
content-hash = "7544e26b6ded62176e1d637381deb364ce14b0822e5c61c75e8e07432b4cddcc"
